
Microsoft Visual Studio Solution File, Format Version 12.00
# Visual Studio 14
VisualStudioVersion = 14.0.25420.1
MinimumVisualStudioVersion = 10.0.40219.1
Project("{FAE04EC0-301F-11D3-BF4B-00C04F79EFBC}") = "WindowsFormsApplication1", "WindowsFormsApplication1\WindowsFormsApplication1.csproj", "{88DF5DCC-E4FA-4EB6-ACEB-D395FAC53970}"
EndProject
Global
	GlobalSection(SolutionConfigurationPlatforms) = preSolution
		Debug|Any CPU = Debug|Any CPU
		Release|Any CPU = Release|Any CPU
	EndGlobalSection
	GlobalSection(ProjectConfigurationPlatforms) = postSolution
		{88DF5DCC-E4FA-4EB6-ACEB-D395FAC53970}.Debug|Any CPU.ActiveCfg = Debug|Any CPU
		{88DF5DCC-E4FA-4EB6-ACEB-D395FAC53970}.Debug|Any CPU.Build.0 = Debug|Any CPU
		{88DF5DCC-E4FA-4EB6-ACEB-D395FAC53970}.Release|Any CPU.ActiveCfg = Release|Any CPU
		{88DF5DCC-E4FA-4EB6-ACEB-D395FAC53970}.Release|Any CPU.Build.0 = Release|Any CPU
	EndGlobalSection
	GlobalSection(SolutionProperties) = preSolution
		HideSolutionNode = FALSE
	EndGlobalSection
EndGlobal
